
Microsoft Visual Studio Solution File, Format Version 12.00
# Visual Studio Version 17
VisualStudioVersion = 17.10.35004.147
MinimumVisualStudioVersion = 10.0.40219.1
Project("{FAE04EC0-301F-11D3-BF4B-00C04F79EFBC}") = "7.6 Working with Lists (Add, Remove, Search)", "7.6 Working with Lists (Add, Remove, Search).csproj", "{26412360-7045-4F93-B65E-AF5393F2A078}"
EndProject
Global
	GlobalSection(SolutionConfigurationPlatforms) = preSolution
		Debug|Any CPU = Debug|Any CPU
		Release|Any CPU = Release|Any CPU
	EndGlobalSection
	GlobalSection(ProjectConfigurationPlatforms) = postSolution
		{26412360-7045-4F93-B65E-AF5393F2A078}.Debug|Any CPU.ActiveCfg = Debug|Any CPU
		{26412360-7045-4F93-B65E-AF5393F2A078}.Debug|Any CPU.Build.0 = Debug|Any CPU
		{26412360-7045-4F93-B65E-AF5393F2A078}.Release|Any CPU.ActiveCfg = Release|Any CPU
		{26412360-7045-4F93-B65E-AF5393F2A078}.Release|Any CPU.Build.0 = Release|Any CPU
	EndGlobalSection
	GlobalSection(SolutionProperties) = preSolution
		HideSolutionNode = FALSE
	EndGlobalSection
	GlobalSection(ExtensibilityGlobals) = postSolution
		SolutionGuid = {C63D70C0-504E-4EE2-9BFB-4E62B7F4107A}
	EndGlobalSection
EndGlobal
